
Microsoft Visual Studio Solution File, Format Version 12.00
# Visual Studio 14
VisualStudioVersion = 14.0.25420.1
MinimumVisualStudioVersion = 10.0.40219.1
Project("{FAE04EC0-301F-11D3-BF4B-00C04F79EFBC}") = "fsfs_2", "fsfs_2\fsfs_2.csproj", "{252A82AA-E4BD-417D-8A06-303C5291B935}"
EndProject
Global
	GlobalSection(SolutionConfigurationPlatforms) = preSolution
		Debug|Any CPU = Debug|Any CPU
		Release|Any CPU = Release|Any CPU
	EndGlobalSection
	GlobalSection(ProjectConfigurationPlatforms) = postSolution
		{252A82AA-E4BD-417D-8A06-303C5291B935}.Debug|Any CPU.ActiveCfg = Debug|Any CPU
		{252A82AA-E4BD-417D-8A06-303C5291B935}.Debug|Any CPU.Build.0 = Debug|Any CPU
		{252A82AA-E4BD-417D-8A06-303C5291B935}.Release|Any CPU.ActiveCfg = Release|Any CPU
		{252A82AA-E4BD-417D-8A06-303C5291B935}.Release|Any CPU.Build.0 = Release|Any CPU
	EndGlobalSection
	GlobalSection(SolutionProperties) = preSolution
		HideSolutionNode = FALSE
	EndGlobalSection
EndGlobal
